{
  "nodes": {
    "agenix": {
      "inputs": {
        "darwin": [],
        "home-manager": [
          "home-manager"
        ],
        "nixpkgs": [
          "nixpkgs"
        ],
        "systems": "systems"
      },
      "locked": {
        "lastModified": 1770165109,
        "narHash": "sha256-9VnK6Oqai65puVJ4WYtCTvlJeXxMzAp/69HhQuTdl/I=",
        "owner": "ryantm",
        "repo": "agenix",
        "rev": "b027ee29d959fda4b60b57566d64c98a202e0feb",
        "type": "github"
      },
      "original": {
        "owner": "ryantm",
        "repo": "agenix",
        "type": "github"
      }
    },
    "clank": {
      "inputs": {
        "home-manager": [
          "home-manager-unstable"
        ],
        "nixpkgs": [
          "nixpkgs-unstable"
        ]
      },
      "locked": {
        "lastModified": 1787621622,
        "narHash": "sha256-tOFQyWBLuka0vQw23zvy/a4wICPwK/9rRQycrqQK2nU=",
        "ref": "dev",
        "rev": "4ed1920bcebec5a75eb034e2cf72a0e735b023bf",
        "revCount": 125,
        "type": "git",
        "url": "https://git.caspervk.net/caspervk/clank.git"
      },
      "original": {
        "ref": "dev",
        "type": "git",
        "url": "https://git.caspervk.net/caspervk/clank.git"
      }
    },
    "disko": {
      "inputs": {
        "nixpkgs": [
          "nixpkgs"
        ]
      },
      "locked": {
        "lastModified": 1781152676,
        "narHash": "sha256-RxWs5ND31KzTG7wvMM+PMfUjyNpmIEr999lqNARaM5o=",
        "owner": "nix-community",
        "repo": "disko",
        "rev": "ff8702b4de27f72b4c78573dfb89ec74e36abdf1",
        "type": "github"
      },
      "original": {
        "owner": "nix-community",
        "repo": "disko",
        "type": "github"
      }
    },
    "flake-utils": {
      "inputs": {
        "systems": "systems_2"
      },
      "locked": {
        "lastModified": 1726560853,
        "narHash": "sha256-X6rJYSESBVr3hBoH0WbKE5KvhPU5bloyZ2L4K60/fPQ=",
        "owner": "numtide",
        "repo": "flake-utils",
        "rev": "c1dfcf08411b08f6b8615f7d8971a2bfa81d5e8a",
        "type": "github"
      },
      "original": {
        "owner": "numtide",
        "repo": "flake-utils",
        "type": "github"
      }
    },
    "flake-utils_2": {
      "inputs": {
        "systems": "systems_4"
      },
      "locked": {
        "lastModified": 1731533236,
        "narHash": "sha256-l0KFg5HjrsfsO/JpG+r7fRrqm12kzFHyUHqHCVpMMbI=",
        "owner": "numtide",
        "repo": "flake-utils",
        "rev": "11707dc2f618dd54ca8739b309ec4fc024de578b",
        "type": "github"
      },
      "original": {
        "owner": "numtide",
        "repo": "flake-utils",
        "type": "github"
      }
    },
    "home-manager": {
      "inputs": {
        "nixpkgs": [
          "nixpkgs"
        ]
      },
      "locked": {
        "lastModified": 1763992789,
        "narHash": "sha256-WHkdBlw6oyxXIra/vQPYLtqY+3G8dUVZM8bEXk0t8x4=",
        "owner": "nix-community",
        "repo": "home-manager",
        "rev": "44831a7eaba4360fb81f2acc5ea6de5fde90aaa3",
        "type": "github"
      },
      "original": {
        "owner": "nix-community",
        "ref": "release-25.05",
        "repo": "home-manager",
        "type": "github"
      }
    },
    "home-manager-unstable": {
      "inputs": {
        "nixpkgs": [
          "nixpkgs-unstable"
        ]
      },
      "locked": {
        "lastModified": 1785958398,
        "narHash": "sha256-5r/JgsoNMTx+qIh83WkxpujEKBR7PF5ssnh5vYCuSAw=",
        "owner": "nix-community",
        "repo": "home-manager",
        "rev": "a7c70cc290290f373f50cd820403833d250459ac",
        "type": "github"
      },
      "original": {
        "owner": "nix-community",
        "ref": "master",
        "repo": "home-manager",
        "type": "github"
      }
    },
    "home-manager_2": {
      "inputs": {
        "nixpkgs": [
          "impermanence",
          "nixpkgs"
        ]
      },
      "locked": {
        "lastModified": 1768598210,
        "narHash": "sha256-kkgA32s/f4jaa4UG+2f8C225Qvclxnqs76mf8zvTVPg=",
        "owner": "nix-community",
        "repo": "home-manager",
        "rev": "c47b2cc64a629f8e075de52e4742de688f930dc6",
        "type": "github"
      },
      "original": {
        "owner": "nix-community",
        "repo": "home-manager",
        "type": "github"
      }
    },
    "impermanence": {
      "inputs": {
        "home-manager": "home-manager_2",
        "nixpkgs": "nixpkgs"
      },
      "locked": {
        "lastModified": 1769548169,
        "narHash": "sha256-03+JxvzmfwRu+5JafM0DLbxgHttOQZkUtDWBmeUkN8Y=",
        "owner": "nix-community",
        "repo": "impermanence",
        "rev": "7b1d382faf603b6d264f58627330f9faa5cba149",
        "type": "github"
      },
      "original": {
        "owner": "nix-community",
        "repo": "impermanence",
        "type": "github"
      }
    },
    "m1s-ups": {
      "inputs": {
        "m1s-ups-script": "m1s-ups-script",
        "nixpkgs": [
          "nixpkgs"
        ]
      },
      "locked": {
        "lastModified": 1785269436,
        "narHash": "sha256-pxtEqFusjHXfCXCIVjLI6uyZrkCKcdtcraz2U1vjs3U=",
        "owner": "skeen",
        "repo": "m1s_ups-nix",
        "rev": "8726e7b44dbe20be113d66f06f73dfb45b447e2a",
        "type": "github"
      },
      "original": {
        "owner": "skeen",
        "ref": "master",
        "repo": "m1s_ups-nix",
        "type": "github"
      }
    },
    "m1s-ups-script": {
      "flake": false,
      "locked": {
        "lastModified": 1785269160,
        "narHash": "sha256-s5+SnRbdtZ0bUENGXcPIuCztJFxqVdwG5YKdoxtPP3A=",
        "owner": "Skeen",
        "repo": "m1s_ups",
        "rev": "556f133bf58cfa60db380b0af58f07b30e591b9c",
        "type": "github"
      },
      "original": {
        "owner": "Skeen",
        "repo": "m1s_ups",
        "type": "github"
      }
    },
    "nix-github-actions": {
      "inputs": {
        "nixpkgs": [
          "thyme",
          "poetry2nix",
          "nixpkgs"
        ]
      },
      "locked": {
        "lastModified": 1729742964,
        "narHash": "sha256-B4mzTcQ0FZHdpeWcpDYPERtyjJd/NIuaQ9+BV1h+MpA=",
        "owner": "nix-community",
        "repo": "nix-github-actions",
        "rev": "e04df33f62cdcf93d73e9a04142464753a16db67",
        "type": "github"
      },
      "original": {
        "owner": "nix-community",
        "repo": "nix-github-actions",
        "type": "github"
      }
    },
    "nix-index-database": {
      "inputs": {
        "nixpkgs": [
          "nixpkgs"
        ]
      },
      "locked": {
        "lastModified": 1785650611,
        "narHash": "sha256-q4kR7g+pCcz6NASvoVPYu+CWWUurX03wogtBqGmR4h0=",
        "owner": "nix-community",
        "repo": "nix-index-database",
        "rev": "dbc756c9d7287de19b3e0e38c928c47510d42c3e",
        "type": "github"
      },
      "original": {
        "owner": "nix-community",
        "repo": "nix-index-database",
        "type": "github"
      }
    },
    "nixos-hardware": {
      "inputs": {
        "nixpkgs": "nixpkgs_2"
      },
      "locked": {
        "lastModified": 1785232496,
        "narHash": "sha256-65EQYIRRpTdpH8lUiB6Mvo5uBkG60aBIzAJuALfx+O0=",
        "owner": "NixOS",
        "repo": "nixos-hardware",
        "rev": "2e790b0a6be8ec2b76174ac0931b8ff11919ec98",
        "type": "github"
      },
      "original": {
        "owner": "NixOS",
        "ref": "master",
        "repo": "nixos-hardware",
        "type": "github"
      }
    },
    "nixpkgs": {
      "locked": {
        "lastModified": 1768564909,
        "narHash": "sha256-Kell/SpJYVkHWMvnhqJz/8DqQg2b6PguxVWOuadbHCc=",
        "owner": "nixos",
        "repo": "nixpkgs",
        "rev": "e4bae1bd10c9c57b2cf517953ab70060a828ee6f",
        "type": "github"
      },
      "original": {
        "owner": "nixos",
        "ref": "nixos-unstable",
        "repo": "nixpkgs",
        "type": "github"
      }
    },
    "nixpkgs-unstable": {
      "locked": {
        "lastModified": 1785967620,
        "narHash": "sha256-IItrdb7Puk05RqOBWZYFC5X6Wl1sJmCfh5MWVHw5iMM=",
        "owner": "NixOS",
        "repo": "nixpkgs",
        "rev": "b7c2ada94fe99c15b0dbcf4d11fd7850b957a436",
        "type": "github"
      },
      "original": {
        "owner": "NixOS",
        "ref": "nixos-unstable",
        "repo": "nixpkgs",
        "type": "github"
      }
    },
    "nixpkgs_2": {
      "locked": {
        "lastModified": 1767892417,
        "narHash": "sha256-8bW3q88CEg2u4hSP66Vf4lpbLonHz7hqDNBMcCY7E9U=",
        "rev": "3497aa5c9457a9d88d71fa93a4a8368816fbeeba",
        "type": "tarball",
        "url": "https://releases.nixos.org/nixos/unstable/nixos-26.05pre924538.3497aa5c9457/nixexprs.tar.xz"
      },
      "original": {
        "type": "tarball",
        "url": "https://channels.nixos.org/nixos-unstable/nixexprs.tar.xz"
      }
    },
    "nixpkgs_3": {
      "locked": {
        "lastModified": 1767313136,
        "narHash": "sha256-16KkgfdYqjaeRGBaYsNrhPRRENs0qzkQVUooNHtoy2w=",
        "owner": "NixOS",
        "repo": "nixpkgs",
        "rev": "ac62194c3917d5f474c1a844b6fd6da2db95077d",
        "type": "github"
      },
      "original": {
        "owner": "NixOS",
        "ref": "nixos-25.05",
        "repo": "nixpkgs",
        "type": "github"
      }
    },
    "nixpkgs_4": {
      "locked": {
        "lastModified": 1785747939,
        "narHash": "sha256-NqaCaIITVSDaBYdcWcfCyEu1erL7paTPEQbISQp9xwQ=",
        "rev": "104240a772428cc2e20d8fd86c9ddbb886bbaff2",
        "type": "tarball",
        "url": "https://releases.nixos.org/nixpkgs/nixpkgs-26.11pre1046984.104240a77242/nixexprs.tar.xz"
      },
      "original": {
        "id": "nixpkgs",
        "type": "indirect"
      }
    },
    "poetry2nix": {
      "inputs": {
        "flake-utils": "flake-utils",
        "nix-github-actions": "nix-github-actions",
        "nixpkgs": [
          "thyme",
          "nixpkgs"
        ],
        "systems": "systems_3",
        "treefmt-nix": "treefmt-nix"
      },
      "locked": {
        "lastModified": 1743690424,
        "narHash": "sha256-cX98bUuKuihOaRp8dNV1Mq7u6/CQZWTPth2IJPATBXc=",
        "owner": "nix-community",
        "repo": "poetry2nix",
        "rev": "ce2369db77f45688172384bbeb962bc6c2ea6f94",
        "type": "github"
      },
      "original": {
        "owner": "nix-community",
        "repo": "poetry2nix",
        "type": "github"
      }
    },
    "root": {
      "inputs": {
        "agenix": "agenix",
        "clank": "clank",
        "disko": "disko",
        "home-manager": "home-manager",
        "home-manager-unstable": "home-manager-unstable",
        "impermanence": "impermanence",
        "m1s-ups": "m1s-ups",
        "nix-index-database": "nix-index-database",
        "nixos-hardware": "nixos-hardware",
        "nixpkgs": "nixpkgs_3",
        "nixpkgs-unstable": "nixpkgs-unstable",
        "secrets": "secrets",
        "thyme": "thyme",
        "traggo": "traggo"
      }
    },
    "secrets": {
      "inputs": {
        "nixpkgs": "nixpkgs_4"
      },
      "locked": {
        "lastModified": 1785441797,
        "narHash": "sha256-7PntaKNq2hI7HeCpXdomQbPdQwlVP7rtetjZruPb3LA=",
        "ref": "refs/heads/master",
        "rev": "d8f9b05a1e42590302e256cf4218b82e8d7fbace",
        "revCount": 36,
        "type": "git",
        "url": "ssh://git@github.com/Skeen/nixos-secret.git"
      },
      "original": {
        "type": "git",
        "url": "ssh://git@github.com/Skeen/nixos-secret.git"
      }
    },
    "systems": {
      "locked": {
        "lastModified": 1681028828,
        "narHash": "sha256-Vy1rq5AaRuLzOxct8nz4T6wlgyUR7zLU309k9mBC768=",
        "owner": "nix-systems",
        "repo": "default",
        "rev": "da67096a3b9bf56a91d16901293e51ba5b49a27e",
        "type": "github"
      },
      "original": {
        "owner": "nix-systems",
        "repo": "default",
        "type": "github"
      }
    },
    "systems_2": {
      "locked": {
        "lastModified": 1681028828,
        "narHash": "sha256-Vy1rq5AaRuLzOxct8nz4T6wlgyUR7zLU309k9mBC768=",
        "owner": "nix-systems",
        "repo": "default",
        "rev": "da67096a3b9bf56a91d16901293e51ba5b49a27e",
        "type": "github"
      },
      "original": {
        "owner": "nix-systems",
        "repo": "default",
        "type": "github"
      }
    },
    "systems_3": {
      "locked": {
        "lastModified": 1681028828,
        "narHash": "sha256-Vy1rq5AaRuLzOxct8nz4T6wlgyUR7zLU309k9mBC768=",
        "owner": "nix-systems",
        "repo": "default",
        "rev": "da67096a3b9bf56a91d16901293e51ba5b49a27e",
        "type": "github"
      },
      "original": {
        "owner": "nix-systems",
        "repo": "default",
        "type": "github"
      }
    },
    "systems_4": {
      "locked": {
        "lastModified": 1681028828,
        "narHash": "sha256-Vy1rq5AaRuLzOxct8nz4T6wlgyUR7zLU309k9mBC768=",
        "owner": "nix-systems",
        "repo": "default",
        "rev": "da67096a3b9bf56a91d16901293e51ba5b49a27e",
        "type": "github"
      },
      "original": {
        "owner": "nix-systems",
        "repo": "default",
        "type": "github"
      }
    },
    "thyme": {
      "inputs": {
        "nixpkgs": [
          "nixpkgs"
        ],
        "poetry2nix": "poetry2nix"
      },
      "locked": {
        "lastModified": 1766287726,
        "narHash": "sha256-HnfHy+IF688yZXnMBLLknjdc7a+IJttahxTSiNG/9xs=",
        "owner": "skeen",
        "repo": "thyme",
        "rev": "28a46cd6aaae2209d4f38de50b09fbb030b76442",
        "type": "github"
      },
      "original": {
        "owner": "skeen",
        "ref": "master",
        "repo": "thyme",
        "type": "github"
      }
    },
    "traggo": {
      "inputs": {
        "flake-utils": "flake-utils_2",
        "nixpkgs": [
          "nixpkgs"
        ]
      },
      "locked": {
        "lastModified": 1766685649,
        "narHash": "sha256-fUJY1RbnY9OhSyhhiumDm+FrIbZMknqRrzWDh2uH00o=",
        "owner": "skeen",
        "repo": "traggo",
        "rev": "411599c95213f305421aa1f678c33b4c222960a2",
        "type": "github"
      },
      "original": {
        "owner": "skeen",
        "ref": "master",
        "repo": "traggo",
        "type": "github"
      }
    },
    "treefmt-nix": {
      "inputs": {
        "nixpkgs": [
          "thyme",
          "poetry2nix",
          "nixpkgs"
        ]
      },
      "locked": {
        "lastModified": 1730120726,
        "narHash": "sha256-LqHYIxMrl/1p3/kvm2ir925tZ8DkI0KA10djk8wecSk=",
        "owner": "numtide",
        "repo": "treefmt-nix",
        "rev": "9ef337e492a5555d8e17a51c911ff1f02635be15",
        "type": "github"
      },
      "original": {
        "owner": "numtide",
        "repo": "treefmt-nix",
        "type": "github"
      }
    }
  },
  "root": "root",
  "version": 7
}
